// !$*UTF8*$!
{
	archiveVersion = 1;
	classes = {
	};
	objectVersion = 77;
	objects = {

/* Begin PBXContainerItemProxy section */
		19AC55AA2DFDAE2800FF9922 /* PBXContainerItemProxy */ = {
			isa = PBXContainerItemProxy;
			containerPortal = 19AC55912DFDAE2600FF9922 /* Project object */;
			proxyType = 1;
			remoteGlobalIDString = 19AC55982DFDAE2600FF9922;
			remoteInfo = VehiclePhotoChecker;
		};
		19AC55B42DFDAE2800FF9922 /* PBXContainerItemProxy */ = {
			isa = PBXContainerItemProxy;
			containerPortal = 19AC55912DFDAE2600FF9922 /* Project object */;
			proxyType = 1;
			remoteGlobalIDString = 19AC55982DFDAE2600FF9922;
			remoteInfo = VehiclePhotoChecker;
		};
/* End PBXContainerItemProxy section */

/* Begin PBXFileReference section */
		19AC55992DFDAE2600FF9922 /* VehiclePhotoChecker.app */ = {isa = PBXFileReference; explicitFileType = wrapper.application; includeInIndex = 0; path = VehiclePhotoChecker.app; sourceTree = BUILT_PRODUCTS_DIR; };
		19AC55A92DFDAE2800FF9922 /* VehiclePhotoCheckerTests.xctest */ = {isa = PBXFileReference; explicitFileType = wrapper.cfbundle; includeInIndex = 0; path = VehiclePhotoCheckerTests.xctest; sourceTree = BUILT_PRODUCTS_DIR; };
		19AC55B32DFDAE2800FF9922 /* VehiclePhotoCheckerUITests.xctest */ = {isa = PBXFileReference; explicitFileType = wrapper.cfbundle; includeInIndex = 0; path = VehiclePhotoCheckerUITests.xctest; sourceTree = BUILT_PRODUCTS_DIR; };
/* End PBXFileReference section */

/* Begin PBXFileSystemSynchronizedRootGroup section */
		19AC559B2DFDAE2600FF9922 /* VehiclePhotoChecker */ = {
			isa = PBXFileSystemSynchronizedRootGroup;
			path = VehiclePhotoChecker;
			sourceTree = "<group>";
		};
		19AC55AC2DFDAE2800FF9922 /* VehiclePhotoCheckerTests */ = {
			isa = PBXFileSystemSynchronizedRootGroup;
			path = VehiclePhotoCheckerTests;
			sourceTree = "<group>";
		};
		19AC55B62DFDAE2800FF9922 /* VehiclePhotoCheckerUITests */ = {
			isa = PBXFileSystemSynchronizedRootGroup;
			path = VehiclePhotoCheckerUITests;
			sourceTree = "<group>";
		};
/* End PBXFileSystemSynchronizedRootGroup section */

/* Begin PBXFrameworksBuildPhase section */
		19AC55962DFDAE2600FF9922 /* Frameworks */ = {
			isa = PBXFrameworksBuildPhase;
			buildActionMask = 2147483647;
			files = (
			);
			runOnlyForDeploymentPostprocessing = 0;
		};
		19AC55A62DFDAE2800FF9922 /* Frameworks */ = {
			isa = PBXFrameworksBuildPhase;
			buildActionMask = 2147483647;
			files = (
			);
			runOnlyForDeploymentPostprocessing = 0;
		};
		19AC55B02DFDAE2800FF9922 /* Frameworks */ = {
			isa = PBXFrameworksBuildPhase;
			buildActionMask = 2147483647;
			files = (
			);
			runOnlyForDeploymentPostprocessing = 0;
		};
/* End PBXFrameworksBuildPhase section */

/* Begin PBXGroup section */
		19AC55902DFDAE2600FF9922 = {
			isa = PBXGroup;
			children = (
				19AC559B2DFDAE2600FF9922 /* VehiclePhotoChecker */,
				19AC55AC2DFDAE2800FF9922 /* VehiclePhotoCheckerTests */,
				19AC55B62DFDAE2800FF9922 /* VehiclePhotoCheckerUITests */,
				19AC559A2DFDAE2600FF9922 /* Products */,
			);
			sourceTree = "<group>";
		};
		19AC559A2DFDAE2600FF9922 /* Products */ = {
			isa = PBXGroup;
			children = (
				19AC55992DFDAE2600FF9922 /* VehiclePhotoChecker.app */,
				19AC55A92DFDAE2800FF9922 /* VehiclePhotoCheckerTests.xctest */,
				19AC55B32DFDAE2800FF9922 /* VehiclePhotoCheckerUITests.xctest */,
			);
			name = Products;
			sourceTree = "<group>";
		};
/* End PBXGroup section */

/* Begin PBXNativeTarget section */
		19AC55982DFDAE2600FF9922 /* VehiclePhotoChecker */ = {
			isa = PBXNativeTarget;
			buildConfigurationList = 19AC55BD2DFDAE2800FF9922 /* Build configuration list for PBXNativeTarget "VehiclePhotoChecker" */;
			buildPhases = (
				19AC55952DFDAE2600FF9922 /* Sources */,
				19AC55962DFDAE2600FF9922 /* Frameworks */,
				19AC55972DFDAE2600FF9922 /* Resources */,
			);
			buildRules = (
			);
			dependencies = (
			);
			fileSystemSynchronizedGroups = (
				19AC559B2DFDAE2600FF9922 /* VehiclePhotoChecker */,
			);
			name = VehiclePhotoChecker;
			packageProductDependencies = (
			);
			productName = VehiclePhotoChecker;
			productReference = 19AC55992DFDAE2600FF9922 /* VehiclePhotoChecker.app */;
			productType = "com.apple.product-type.application";
		};
		19AC55A82DFDAE2800FF9922 /* VehiclePhotoCheckerTests */ = {
			isa = PBXNativeTarget;
			buildConfigurationList = 19AC55C02DFDAE2800FF9922 /* Build configuration list for PBXNativeTarget "VehiclePhotoCheckerTests" */;
			buildPhases = (
				19AC55A52DFDAE2800FF9922 /* Sources */,
				19AC55A62DFDAE2800FF9922 /* Frameworks */,
				19AC55A72DFDAE2800FF9922 /* Resources */,
			);
			buildRules = (
			);
			dependencies = (
				19AC55AB2DFDAE2800FF9922 /* PBXTargetDependency */,
			);
			fileSystemSynchronizedGroups = (
				19AC55AC2DFDAE2800FF9922 /* VehiclePhotoCheckerTests */,
			);
			name = VehiclePhotoCheckerTests;
			packageProductDependencies = (
			);
			productName = VehiclePhotoCheckerTests;
			productReference = 19AC55A92DFDAE2800FF9922 /* VehiclePhotoCheckerTests.xctest */;
			productType = "com.apple.product-type.bundle.unit-test";
		};
		19AC55B22DFDAE2800FF9922 /* VehiclePhotoCheckerUITests */ = {
			isa = PBXNativeTarget;
			buildConfigurationList = 19AC55C32DFDAE2800FF9922 /* Build configuration list for PBXNativeTarget "VehiclePhotoCheckerUITests" */;
			buildPhases = (
				19AC55AF2DFDAE2800FF9922 /* Sources */,
				19AC55B02DFDAE2800FF9922 /* Frameworks */,
				19AC55B12DFDAE2800FF9922 /* Resources */,
			);
			buildRules = (
			);
			dependencies = (
				19AC55B52DFDAE2800FF9922 /* PBXTargetDependency */,
			);
			fileSystemSynchronizedGroups = (
				19AC55B62DFDAE2800FF9922 /* VehiclePhotoCheckerUITests */,
			);
			name = VehiclePhotoCheckerUITests;
			packageProductDependencies = (
			);
			productName = VehiclePhotoCheckerUITests;
			productReference = 19AC55B32DFDAE2800FF9922 /* VehiclePhotoCheckerUITests.xctest */;
			productType = "com.apple.product-type.bundle.ui-testing";
		};
/* End PBXNativeTarget section */

/* Begin PBXProject section */
		19AC55912DFDAE2600FF9922 /* Project object */ = {
			isa = PBXProject;
			attributes = {
				BuildIndependentTargetsInParallel = 1;
				LastSwiftUpdateCheck = 1620;
				LastUpgradeCheck = 1620;
				TargetAttributes = {
					19AC55982DFDAE2600FF9922 = {
						CreatedOnToolsVersion = 16.2;
					};
					19AC55A82DFDAE2800FF9922 = {
						CreatedOnToolsVersion = 16.2;
						TestTargetID = 19AC55982DFDAE2600FF9922;
					};
					19AC55B22DFDAE2800FF9922 = {
						CreatedOnToolsVersion = 16.2;
						TestTargetID = 19AC55982DFDAE2600FF9922;
					};
				};
			};
			buildConfigurationList = 19AC55942DFDAE2600FF9922 /* Build configuration list for PBXProject "VehiclePhotoChecker" */;
			developmentRegion = en;
			hasScannedForEncodings = 0;
			knownRegions = (
				en,
				Base,
			);
			mainGroup = 19AC55902DFDAE2600FF9922;
			minimizedProjectReferenceProxies = 1;
			preferredProjectObjectVersion = 77;
			productRefGroup = 19AC559A2DFDAE2600FF9922 /* Products */;
			projectDirPath = "";
			projectRoot = "";
			targets = (
				19AC55982DFDAE2600FF9922 /* VehiclePhotoChecker */,
				19AC55A82DFDAE2800FF9922 /* VehiclePhotoCheckerTests */,
				19AC55B22DFDAE2800FF9922 /* VehiclePhotoCheckerUITests */,
			);
		};
/* End PBXProject section */

/* Begin PBXResourcesBuildPhase section */
		19AC55972DFDAE2600FF9922 /* Resources */ = {
			isa = PBXResourcesBuildPhase;
			buildActionMask = 2147483647;
			files = (
			);
			runOnlyForDeploymentPostprocessing = 0;
		};
		19AC55A72DFDAE2800FF9922 /* Resources */ = {
			isa = PBXResourcesBuildPhase;
			buildActionMask = 2147483647;
			files = (
			);
			runOnlyForDeploymentPostprocessing = 0;
		};
		19AC55B12DFDAE2800FF9922 /* Resources */ = {
			isa = PBXResourcesBuildPhase;
			buildActionMask = 2147483647;
			files = (
			);
			runOnlyForDeploymentPostprocessing = 0;
		};
/* End PBXResourcesBuildPhase section */

/* Begin PBXSourcesBuildPhase section */
		19AC55952DFDAE2600FF9922 /* Sources */ = {
			isa = PBXSourcesBuildPhase;
			buildActionMask = 2147483647;
			files = (
			);
			runOnlyForDeploymentPostprocessing = 0;
		};
		19AC55A52DFDAE2800FF9922 /* Sources */ = {
			isa = PBXSourcesBuildPhase;
			buildActionMask = 2147483647;
			files = (
			);
			runOnlyForDeploymentPostprocessing = 0;
		};
		19AC55AF2DFDAE2800FF9922 /* Sources */ = {
			isa = PBXSourcesBuildPhase;
			buildActionMask = 2147483647;
			files = (
			);
			runOnlyForDeploymentPostprocessing = 0;
		};
/* End PBXSourcesBuildPhase section */

/* Begin PBXTargetDependency section */
		19AC55AB2DFDAE2800FF9922 /* PBXTargetDependency */ = {
			isa = PBXTargetDependency;
			target = 19AC55982DFDAE2600FF9922 /* VehiclePhotoChecker */;
			targetProxy = 19AC55AA2DFDAE2800FF9922 /* PBXContainerItemProxy */;
		};
		19AC55B52DFDAE2800FF9922 /* PBXTargetDependency */ = {
			isa = PBXTargetDependency;
			target = 19AC55982DFDAE2600FF9922 /* VehiclePhotoChecker */;
			targetProxy = 19AC55B42DFDAE2800FF9922 /* PBXContainerItemProxy */;
		};
/* End PBXTargetDependency section */

/* Begin XCBuildConfiguration section */
		19AC55BB2DFDAE2800FF9922 /* Debug */ = {
			isa = XCBuildConfiguration;
			buildSettings = {
				ALWAYS_SEARCH_USER_PATHS = NO;
				ASSETCATALOG_COMPILER_GENERATE_SWIFT_ASSET_SYMBOL_EXTENSIONS = YES;
				CLANG_ANALYZER_NONNULL = YES;
				CLANG_ANALYZER_NUMBER_OBJECT_CONVERSION = YES_AGGRESSIVE;
				CLANG_CXX_LANGUAGE_STANDARD = "gnu++20";
				CLANG_ENABLE_MODULES = YES;
				CLANG_ENABLE_OBJC_ARC = YES;
				CLANG_ENABLE_OBJC_WEAK = YES;
				CLANG_WARN_BLOCK_CAPTURE_AUTORELEASING = YES;
				CLANG_WARN_BOOL_CONVERSION = YES;
				CLANG_WARN_COMMA = YES;
				CLANG_WARN_CONSTANT_CONVERSION = YES;
				CLANG_WARN_DEPRECATED_OBJC_IMPLEMENTATIONS = YES;
				CLANG_WARN_DIRECT_OBJC_ISA_USAGE = YES_ERROR;
				CLANG_WARN_DOCUMENTATION_COMMENTS = YES;
				CLANG_WARN_EMPTY_BODY = YES;
				CLANG_WARN_ENUM_CONVERSION = YES;
				CLANG_WARN_INFINITE_RECURSION = YES;
				CLANG_WARN_INT_CONVERSION = YES;
				CLANG_WARN_NON_LITERAL_NULL_CONVERSION = YES;
				CLANG_WARN_OBJC_IMPLICIT_RETAIN_SELF = YES;
				CLANG_WARN_OBJC_LITERAL_CONVERSION = YES;
				CLANG_WARN_OBJC_ROOT_CLASS = YES_ERROR;
				CLANG_WARN_QUOTED_INCLUDE_IN_FRAMEWORK_HEADER = YES;
				CLANG_WARN_RANGE_LOOP_ANALYSIS = YES;
				CLANG_WARN_STRICT_PROTOTYPES = YES;
				CLANG_WARN_SUSPICIOUS_MOVE = YES;
				CLANG_WARN_UNGUARDED_AVAILABILITY = YES_AGGRESSIVE;
				CLANG_WARN_UNREACHABLE_CODE = YES;
				CLANG_WARN__DUPLICATE_METHOD_MATCH = YES;
				COPY_PHASE_STRIP = NO;
				DEBUG_INFORMATION_FORMAT = dwarf;
				ENABLE_STRICT_OBJC_MSGSEND = YES;
				ENABLE_TESTABILITY = YES;
				ENABLE_USER_SCRIPT_SANDBOXING = YES;
				GCC_C_LANGUAGE_STANDARD = gnu17;
				GCC_DYNAMIC_NO_PIC = NO;
				GCC_NO_COMMON_BLOCKS = YES;
				GCC_OPTIMIZATION_LEVEL = 0;
				GCC_PREPROCESSOR_DEFINITIONS = (
					"DEBUG=1",
					"$(inherited)",
				);
				GCC_WARN_64_TO_32_BIT_CONVERSION = YES;
				GCC_WARN_ABOUT_RETURN_TYPE = YES_ERROR;
				GCC_WARN_UNDECLARED_SELECTOR = YES;
				GCC_WARN_UNINITIALIZED_AUTOS = YES_AGGRESSIVE;
				GCC_WARN_UNUSED_FUNCTION = YES;
				GCC_WARN_UNUSED_VARIABLE = YES;
				IPHONEOS_DEPLOYMENT_TARGET = 18.2;
				LOCALIZATION_PREFERS_STRING_CATALOGS = YES;
				MTL_ENABLE_DEBUG_INFO = INCLUDE_SOURCE;
				MTL_FAST_MATH = YES;
				ONLY_ACTIVE_ARCH = YES;
				SDKROOT = iphoneos;
				SWIFT_ACTIVE_COMPILATION_CONDITIONS = "DEBUG $(inherited)";
				SWIFT_OPTIMIZATION_LEVEL = "-Onone";
			};
			name = Debug;
		};
		19AC55BC2DFDAE2800FF9922 /* Release */ = {
			isa = XCBuildConfiguration;
			buildSettings = {
				ALWAYS_SEARCH_USER_PATHS = NO;
				ASSETCATALOG_COMPILER_GENERATE_SWIFT_ASSET_SYMBOL_EXTENSIONS = YES;
				CLANG_ANALYZER_NONNULL = YES;
				CLANG_ANALYZER_NUMBER_OBJECT_CONVERSION = YES_AGGRESSIVE;
				CLANG_CXX_LANGUAGE_STANDARD = "gnu++20";
				CLANG_ENABLE_MODULES = YES;
				CLANG_ENABLE_OBJC_ARC = YES;
				CLANG_ENABLE_OBJC_WEAK = YES;
				CLANG_WARN_BLOCK_CAPTURE_AUTORELEASING = YES;
				CLANG_WARN_BOOL_CONVERSION = YES;
				CLANG_WARN_COMMA = YES;
				CLANG_WARN_CONSTANT_CONVERSION = YES;
				CLANG_WARN_DEPRECATED_OBJC_IMPLEMENTATIONS = YES;
				CLANG_WARN_DIRECT_OBJC_ISA_USAGE = YES_ERROR;
				CLANG_WARN_DOCUMENTATION_COMMENTS = YES;
				CLANG_WARN_EMPTY_BODY = YES;
				CLANG_WARN_ENUM_CONVERSION = YES;
				CLANG_WARN_INFINITE_RECURSION = YES;
				CLANG_WARN_INT_CONVERSION = YES;
				CLANG_WARN_NON_LITERAL_NULL_CONVERSION = YES;
				CLANG_WARN_OBJC_IMPLICIT_RETAIN_SELF = YES;
				CLANG_WARN_OBJC_LITERAL_CONVERSION = YES;
				CLANG_WARN_OBJC_ROOT_CLASS = YES_ERROR;
				CLANG_WARN_QUOTED_INCLUDE_IN_FRAMEWORK_HEADER = YES;
				CLANG_WARN_RANGE_LOOP_ANALYSIS = YES;
				CLANG_WARN_STRICT_PROTOTYPES = YES;
				CLANG_WARN_SUSPICIOUS_MOVE = YES;
				CLANG_WARN_UNGUARDED_AVAILABILITY = YES_AGGRESSIVE;
				CLANG_WARN_UNREACHABLE_CODE = YES;
				CLANG_WARN__DUPLICATE_METHOD_MATCH = YES;
				COPY_PHASE_STRIP = NO;
				DEBUG_INFORMATION_FORMAT = "dwarf-with-dsym";
				ENABLE_NS_ASSERTIONS = NO;
				ENABLE_STRICT_OBJC_MSGSEND = YES;
				ENABLE_USER_SCRIPT_SANDBOXING = YES;
				GCC_C_LANGUAGE_STANDARD = gnu17;
				GCC_NO_COMMON_BLOCKS = YES;
				GCC_WARN_64_TO_32_BIT_CONVERSION = YES;
				GCC_WARN_ABOUT_RETURN_TYPE = YES_ERROR;
				GCC_WARN_UNDECLARED_SELECTOR = YES;
				GCC_WARN_UNINITIALIZED_AUTOS = YES_AGGRESSIVE;
				GCC_WARN_UNUSED_FUNCTION = YES;
				GCC_WARN_UNUSED_VARIABLE = YES;
				IPHONEOS_DEPLOYMENT_TARGET = 18.2;
				LOCALIZATION_PREFERS_STRING_CATALOGS = YES;
				MTL_ENABLE_DEBUG_INFO = NO;
				MTL_FAST_MATH = YES;
				SDKROOT = iphoneos;
				SWIFT_COMPILATION_MODE = wholemodule;
				VALIDATE_PRODUCT = YES;
			};
			name = Release;
		};
		19AC55BE2DFDAE2800FF9922 /* Debug */ = {
			isa = XCBuildConfiguration;
			buildSettings = {
				ASSETCATALOG_COMPILER_APPICON_NAME = AppIcon;
				ASSETCATALOG_COMPILER_GLOBAL_ACCENT_COLOR_NAME = AccentColor;
				CODE_SIGN_STYLE = Automatic;
				CURRENT_PROJECT_VERSION = 1;
				DEVELOPMENT_ASSET_PATHS = "\"VehiclePhotoChecker/Preview Content\"";
				DEVELOPMENT_TEAM = SPWLXZCMDF;
				ENABLE_PREVIEWS = YES;
				GENERATE_INFOPLIST_FILE = YES;
				INFOPLIST_KEY_UIApplicationSceneManifest_Generation = YES;
				INFOPLIST_KEY_UIApplicationSupportsIndirectInputEvents = YES;
				INFOPLIST_KEY_UILaunchScreen_Generation = YES;
				INFOPLIST_KEY_UISupportedInterfaceOrientations_iPad = "UIInterfaceOrientationPortrait UIInterfaceOrientationPortraitUpsideDown UIInterfaceOrientationLandscapeLeft UIInterfaceOrientationLandscapeRight";
				INFOPLIST_KEY_UISupportedInterfaceOrientations_iPhone = "UIInterfaceOrientationPortrait UIInterfaceOrientationLandscapeLeft UIInterfaceOrientationLandscapeRight";
				LD_RUNPATH_SEARCH_PATHS = (
					"$(inherited)",
					"@executable_path/Frameworks",
				);
				MARKETING_VERSION = 1.0;
				PRODUCT_BUNDLE_IDENTIFIER = com.sashaprojects.VehiclePhotoChecker;
				PRODUCT_NAME = "$(TARGET_NAME)";
				SWIFT_EMIT_LOC_STRINGS = YES;
				SWIFT_VERSION = 5.0;
				TARGETED_DEVICE_FAMILY = "1,2";
			};
			name = Debug;
		};
		19AC55BF2DFDAE2800FF9922 /* Release */ = {
			isa = XCBuildConfiguration;
			buildSettings = {
				ASSETCATALOG_COMPILER_APPICON_NAME = AppIcon;
				ASSETCATALOG_COMPILER_GLOBAL_ACCENT_COLOR_NAME = AccentColor;
				CODE_SIGN_STYLE = Automatic;
				CURRENT_PROJECT_VERSION = 1;
				DEVELOPMENT_ASSET_PATHS = "\"VehiclePhotoChecker/Preview Content\"";
				DEVELOPMENT_TEAM = SPWLXZCMDF;
				ENABLE_PREVIEWS = YES;
				GENERATE_INFOPLIST_FILE = YES;
				INFOPLIST_KEY_UIApplicationSceneManifest_Generation = YES;
				INFOPLIST_KEY_UIApplicationSupportsIndirectInputEvents = YES;
				INFOPLIST_KEY_UILaunchScreen_Generation = YES;
				INFOPLIST_KEY_UISupportedInterfaceOrientations_iPad = "UIInterfaceOrientationPortrait UIInterfaceOrientationPortraitUpsideDown UIInterfaceOrientationLandscapeLeft UIInterfaceOrientationLandscapeRight";
				INFOPLIST_KEY_UISupportedInterfaceOrientations_iPhone = "UIInterfaceOrientationPortrait UIInterfaceOrientationLandscapeLeft UIInterfaceOrientationLandscapeRight";
				LD_RUNPATH_SEARCH_PATHS = (
					"$(inherited)",
					"@executable_path/Frameworks",
				);
				MARKETING_VERSION = 1.0;
				PRODUCT_BUNDLE_IDENTIFIER = com.sashaprojects.VehiclePhotoChecker;
				PRODUCT_NAME = "$(TARGET_NAME)";
				SWIFT_EMIT_LOC_STRINGS = YES;
				SWIFT_VERSION = 5.0;
				TARGETED_DEVICE_FAMILY = "1,2";
			};
			name = Release;
		};
		19AC55C12DFDAE2800FF9922 /* Debug */ = {
			isa = XCBuildConfiguration;
			buildSettings = {
				BUNDLE_LOADER = "$(TEST_HOST)";
				CODE_SIGN_STYLE = Automatic;
				CURRENT_PROJECT_VERSION = 1;
				DEVELOPMENT_TEAM = SPWLXZCMDF;
				GENERATE_INFOPLIST_FILE = YES;
				IPHONEOS_DEPLOYMENT_TARGET = 18.2;
				MARKETING_VERSION = 1.0;
				PRODUCT_BUNDLE_IDENTIFIER = com.sashaprojects.VehiclePhotoCheckerTests;
				PRODUCT_NAME = "$(TARGET_NAME)";
				SWIFT_EMIT_LOC_STRINGS = NO;
				SWIFT_VERSION = 5.0;
				TARGETED_DEVICE_FAMILY = "1,2";
				TEST_HOST = "$(BUILT_PRODUCTS_DIR)/VehiclePhotoChecker.app/$(BUNDLE_EXECUTABLE_FOLDER_PATH)/VehiclePhotoChecker";
			};
			name = Debug;
		};
		19AC55C22DFDAE2800FF9922 /* Release */ = {
			isa = XCBuildConfiguration;
			buildSettings = {
				BUNDLE_LOADER = "$(TEST_HOST)";
				CODE_SIGN_STYLE = Automatic;
				CURRENT_PROJECT_VERSION = 1;
				DEVELOPMENT_TEAM = SPWLXZCMDF;
				GENERATE_INFOPLIST_FILE = YES;
				IPHONEOS_DEPLOYMENT_TARGET = 18.2;
				MARKETING_VERSION = 1.0;
				PRODUCT_BUNDLE_IDENTIFIER = com.sashaprojects.VehiclePhotoCheckerTests;
				PRODUCT_NAME = "$(TARGET_NAME)";
				SWIFT_EMIT_LOC_STRINGS = NO;
				SWIFT_VERSION = 5.0;
				TARGETED_DEVICE_FAMILY = "1,2";
				TEST_HOST = "$(BUILT_PRODUCTS_DIR)/VehiclePhotoChecker.app/$(BUNDLE_EXECUTABLE_FOLDER_PATH)/VehiclePhotoChecker";
			};
			name = Release;
		};
		19AC55C42DFDAE2800FF9922 /* Debug */ = {
			isa = XCBuildConfiguration;
			buildSettings = {
				CODE_SIGN_STYLE = Automatic;
				CURRENT_PROJECT_VERSION = 1;
				DEVELOPMENT_TEAM = SPWLXZCMDF;
				GENERATE_INFOPLIST_FILE = YES;
				MARKETING_VERSION = 1.0;
				PRODUCT_BUNDLE_IDENTIFIER = com.sashaprojects.VehiclePhotoCheckerUITests;
				PRODUCT_NAME = "$(TARGET_NAME)";
				SWIFT_EMIT_LOC_STRINGS = NO;
				SWIFT_VERSION = 5.0;
				TARGETED_DEVICE_FAMILY = "1,2";
				TEST_TARGET_NAME = VehiclePhotoChecker;
			};
			name = Debug;
		};
		19AC55C52DFDAE2800FF9922 /* Release */ = {
			isa = XCBuildConfiguration;
			buildSettings = {
				CODE_SIGN_STYLE = Automatic;
				CURRENT_PROJECT_VERSION = 1;
				DEVELOPMENT_TEAM = SPWLXZCMDF;
				GENERATE_INFOPLIST_FILE = YES;
				MARKETING_VERSION = 1.0;
				PRODUCT_BUNDLE_IDENTIFIER = com.sashaprojects.VehiclePhotoCheckerUITests;
				PRODUCT_NAME = "$(TARGET_NAME)";
				SWIFT_EMIT_LOC_STRINGS = NO;
				SWIFT_VERSION = 5.0;
				TARGETED_DEVICE_FAMILY = "1,2";
				TEST_TARGET_NAME = VehiclePhotoChecker;
			};
			name = Release;
		};
/* End XCBuildConfiguration section */

/* Begin XCConfigurationList section */
		19AC55942DFDAE2600FF9922 /* Build configuration list for PBXProject "VehiclePhotoChecker" */ = {
			isa = XCConfigurationList;
			buildConfigurations = (
				19AC55BB2DFDAE2800FF9922 /* Debug */,
				19AC55BC2DFDAE2800FF9922 /* Release */,
			);
			defaultConfigurationIsVisible = 0;
			defaultConfigurationName = Release;
		};
		19AC55BD2DFDAE2800FF9922 /* Build configuration list for PBXNativeTarget "VehiclePhotoChecker" */ = {
			isa = XCConfigurationList;
			buildConfigurations = (
				19AC55BE2DFDAE2800FF9922 /* Debug */,
				19AC55BF2DFDAE2800FF9922 /* Release */,
			);
			defaultConfigurationIsVisible = 0;
			defaultConfigurationName = Release;
		};
		19AC55C02DFDAE2800FF9922 /* Build configuration list for PBXNativeTarget "VehiclePhotoCheckerTests" */ = {
			isa = XCConfigurationList;
			buildConfigurations = (
				19AC55C12DFDAE2800FF9922 /* Debug */,
				19AC55C22DFDAE2800FF9922 /* Release */,
			);
			defaultConfigurationIsVisible = 0;
			defaultConfigurationName = Release;
		};
		19AC55C32DFDAE2800FF9922 /* Build configuration list for PBXNativeTarget "VehiclePhotoCheckerUITests" */ = {
			isa = XCConfigurationList;
			buildConfigurations = (
				19AC55C42DFDAE2800FF9922 /* Debug */,
				19AC55C52DFDAE2800FF9922 /* Release */,
			);
			defaultConfigurationIsVisible = 0;
			defaultConfigurationName = Release;
		};
/* End XCConfigurationList section */
	};
	rootObject = 19AC55912DFDAE2600FF9922 /* Project object */;
}
